
Microsoft Visual Studio Solution File, Format Version 12.00
# Visual Studio 15
VisualStudioVersion = 15.0.28307.421
MinimumVisualStudioVersion = 10.0.40219.1
Project("{8BC9CEB8-8B4A-11D0-8D11-00A0C91BC942}") = "ConsoAdmin", "ConsoAdmin\ConsoAdmin.vcxproj", "{62BCEA8B-0EEA-4500-BB4E-511481EC698F}"
EndProject
Global
	GlobalSection(SolutionConfigurationPlatforms) = preSolution
		Debug|x64 = Debug|x64
		Debug|x86 = Debug|x86
		Release|x64 = Release|x64
		Release|x86 = Release|x86
	EndGlobalSection
	GlobalSection(ProjectConfigurationPlatforms) = postSolution
		{62BCEA8B-0EEA-4500-BB4E-511481EC698F}.Debug|x64.ActiveCfg = Debug|x64
		{62BCEA8B-0EEA-4500-BB4E-511481EC698F}.Debug|x64.Build.0 = Debug|x64
		{62BCEA8B-0EEA-4500-BB4E-511481EC698F}.Debug|x86.ActiveCfg = Debug|Win32
		{62BCEA8B-0EEA-4500-BB4E-511481EC698F}.Debug|x86.Build.0 = Debug|Win32
		{62BCEA8B-0EEA-4500-BB4E-511481EC698F}.Release|x64.ActiveCfg = Release|x64
		{62BCEA8B-0EEA-4500-BB4E-511481EC698F}.Release|x64.Build.0 = Release|x64
		{62BCEA8B-0EEA-4500-BB4E-511481EC698F}.Release|x86.ActiveCfg = Release|Win32
		{62BCEA8B-0EEA-4500-BB4E-511481EC698F}.Release|x86.Build.0 = Release|Win32
	EndGlobalSection
	GlobalSection(SolutionProperties) = preSolution
		HideSolutionNode = FALSE
	EndGlobalSection
	GlobalSection(ExtensibilityGlobals) = postSolution
		SolutionGuid = {983C5DC0-F6CD-4380-8AA3-879DFD4EF4BD}
	EndGlobalSection
EndGlobal
