
Microsoft Visual Studio Solution File, Format Version 12.00
# Visual Studio 15
VisualStudioVersion = 15.0.28307.421
MinimumVisualStudioVersion = 10.0.40219.1
Project("{8BC9CEB8-8B4A-11D0-8D11-00A0C91BC942}") = "AppDLL", "AppDLL\AppDLL.vcxproj", "{AFAE3096-7DC6-4278-A95A-D38A4C766F72}"
EndProject
Global
	GlobalSection(SolutionConfigurationPlatforms) = preSolution
		Debug|x64 = Debug|x64
		Debug|x86 = Debug|x86
		Release|x64 = Release|x64
		Release|x86 = Release|x86
	EndGlobalSection
	GlobalSection(ProjectConfigurationPlatforms) = postSolution
		{AFAE3096-7DC6-4278-A95A-D38A4C766F72}.Debug|x64.ActiveCfg = Debug|x64
		{AFAE3096-7DC6-4278-A95A-D38A4C766F72}.Debug|x64.Build.0 = Debug|x64
		{AFAE3096-7DC6-4278-A95A-D38A4C766F72}.Debug|x86.ActiveCfg = Debug|Win32
		{AFAE3096-7DC6-4278-A95A-D38A4C766F72}.Debug|x86.Build.0 = Debug|Win32
		{AFAE3096-7DC6-4278-A95A-D38A4C766F72}.Release|x64.ActiveCfg = Release|x64
		{AFAE3096-7DC6-4278-A95A-D38A4C766F72}.Release|x64.Build.0 = Release|x64
		{AFAE3096-7DC6-4278-A95A-D38A4C766F72}.Release|x86.ActiveCfg = Release|Win32
		{AFAE3096-7DC6-4278-A95A-D38A4C766F72}.Release|x86.Build.0 = Release|Win32
	EndGlobalSection
	GlobalSection(SolutionProperties) = preSolution
		HideSolutionNode = FALSE
	EndGlobalSection
	GlobalSection(ExtensibilityGlobals) = postSolution
		SolutionGuid = {9C617A93-CE57-40E8-9E7D-4025AFBC4B3A}
	EndGlobalSection
EndGlobal
